
Microsoft Visual Studio Solution File, Format Version 12.00
# Visual Studio Version 16
VisualStudioVersion = 16.0.31105.61
MinimumVisualStudioVersion = 10.0.40219.1
Project("{9A19103F-16F7-4668-BE54-9A1E7A4F7556}") = "BusinessLogic", "BusinessLogic\BusinessLogic.csproj", "{73F8DFA8-CB64-4D96-837E-9F79D585E5F2}"
EndProject
Project("{FAE04EC0-301F-11D3-BF4B-00C04F79EFBC}") = "UnitTestsForBL", "UnitTestsForBL\UnitTestsForBL.csproj", "{918A96BB-6E5B-4400-963B-1D268CFF467D}"
EndProject
Project("{FAE04EC0-301F-11D3-BF4B-00C04F79EFBC}") = "CipherProgram", "CipherProgram\CipherProgram.csproj", "{EC0B8DC2-4879-4620-A339-7BDF2D65A8BB}"
EndProject
Global
	GlobalSection(SolutionConfigurationPlatforms) = preSolution
		Debug|Any CPU = Debug|Any CPU
		Release|Any CPU = Release|Any CPU
	EndGlobalSection
	GlobalSection(ProjectConfigurationPlatforms) = postSolution
		{73F8DFA8-CB64-4D96-837E-9F79D585E5F2}.Debug|Any CPU.ActiveCfg = Debug|Any CPU
		{73F8DFA8-CB64-4D96-837E-9F79D585E5F2}.Debug|Any CPU.Build.0 = Debug|Any CPU
		{73F8DFA8-CB64-4D96-837E-9F79D585E5F2}.Release|Any CPU.ActiveCfg = Release|Any CPU
		{73F8DFA8-CB64-4D96-837E-9F79D585E5F2}.Release|Any CPU.Build.0 = Release|Any CPU
		{918A96BB-6E5B-4400-963B-1D268CFF467D}.Debug|Any CPU.ActiveCfg = Debug|Any CPU
		{918A96BB-6E5B-4400-963B-1D268CFF467D}.Debug|Any CPU.Build.0 = Debug|Any CPU
		{918A96BB-6E5B-4400-963B-1D268CFF467D}.Release|Any CPU.ActiveCfg = Release|Any CPU
		{918A96BB-6E5B-4400-963B-1D268CFF467D}.Release|Any CPU.Build.0 = Release|Any CPU
		{EC0B8DC2-4879-4620-A339-7BDF2D65A8BB}.Debug|Any CPU.ActiveCfg = Debug|Any CPU
		{EC0B8DC2-4879-4620-A339-7BDF2D65A8BB}.Debug|Any CPU.Build.0 = Debug|Any CPU
		{EC0B8DC2-4879-4620-A339-7BDF2D65A8BB}.Release|Any CPU.ActiveCfg = Release|Any CPU
		{EC0B8DC2-4879-4620-A339-7BDF2D65A8BB}.Release|Any CPU.Build.0 = Release|Any CPU
	EndGlobalSection
	GlobalSection(SolutionProperties) = preSolution
		HideSolutionNode = FALSE
	EndGlobalSection
	GlobalSection(ExtensibilityGlobals) = postSolution
		SolutionGuid = {62F4D025-FAB2-424F-85FD-CADC6C561F9C}
	EndGlobalSection
EndGlobal
